
Microsoft Visual Studio Solution File, Format Version 12.00
# Visual Studio Version 16
VisualStudioVersion = 16.0.32630.194
MinimumVisualStudioVersion = 10.0.40219.1
Project("{FAE04EC0-301F-11D3-BF4B-00C04F79EFBC}") = "Practice", "Practice.csproj", "{50D4E3B1-07C7-4318-98DF-FFD6F08CA1F3}"
EndProject
Global
	GlobalSection(SolutionConfigurationPlatforms) = preSolution
		Debug|Any CPU = Debug|Any CPU
		Release|Any CPU = Release|Any CPU
	EndGlobalSection
	GlobalSection(ProjectConfigurationPlatforms) = postSolution
		{50D4E3B1-07C7-4318-98DF-FFD6F08CA1F3}.Debug|Any CPU.ActiveCfg = Debug|Any CPU
		{50D4E3B1-07C7-4318-98DF-FFD6F08CA1F3}.Debug|Any CPU.Build.0 = Debug|Any CPU
		{50D4E3B1-07C7-4318-98DF-FFD6F08CA1F3}.Release|Any CPU.ActiveCfg = Release|Any CPU
		{50D4E3B1-07C7-4318-98DF-FFD6F08CA1F3}.Release|Any CPU.Build.0 = Release|Any CPU
	EndGlobalSection
	GlobalSection(SolutionProperties) = preSolution
		HideSolutionNode = FALSE
	EndGlobalSection
	GlobalSection(ExtensibilityGlobals) = postSolution
		SolutionGuid = {A24D91DD-54CD-45D5-8489-CDA7E09124A2}
	EndGlobalSection
EndGlobal
