
Microsoft Visual Studio Solution File, Format Version 12.00
# Visual Studio Version 16
VisualStudioVersion = 16.0.32630.194
MinimumVisualStudioVersion = 10.0.40219.1
Project("{FAE04EC0-301F-11D3-BF4B-00C04F79EFBC}") = "WebAssessment", "WebAssessment.csproj", "{5F1FE77F-51E0-4B17-A90C-99EE9D9BB245}"
EndProject
Global
	GlobalSection(SolutionConfigurationPlatforms) = preSolution
		Debug|Any CPU = Debug|Any CPU
		Release|Any CPU = Release|Any CPU
	EndGlobalSection
	GlobalSection(ProjectConfigurationPlatforms) = postSolution
		{5F1FE77F-51E0-4B17-A90C-99EE9D9BB245}.Debug|Any CPU.ActiveCfg = Debug|Any CPU
		{5F1FE77F-51E0-4B17-A90C-99EE9D9BB245}.Debug|Any CPU.Build.0 = Debug|Any CPU
		{5F1FE77F-51E0-4B17-A90C-99EE9D9BB245}.Release|Any CPU.ActiveCfg = Release|Any CPU
		{5F1FE77F-51E0-4B17-A90C-99EE9D9BB245}.Release|Any CPU.Build.0 = Release|Any CPU
	EndGlobalSection
	GlobalSection(SolutionProperties) = preSolution
		HideSolutionNode = FALSE
	EndGlobalSection
	GlobalSection(ExtensibilityGlobals) = postSolution
		SolutionGuid = {CD3BB407-AB7D-4562-A3C0-9E69482CA03E}
	EndGlobalSection
EndGlobal
