
Microsoft Visual Studio Solution File, Format Version 12.00
# Visual Studio Version 16
VisualStudioVersion = 16.0.32630.194
MinimumVisualStudioVersion = 10.0.40219.1
Project("{FAE04EC0-301F-11D3-BF4B-00C04F79EFBC}") = "Task_2", "Task_2.csproj", "{DD6986DC-2929-4398-9055-C3ABA18E7E42}"
EndProject
Project("{FAE04EC0-301F-11D3-BF4B-00C04F79EFBC}") = "Student", "..\Student\Student.csproj", "{A563FC9E-DF69-4B09-A599-644D4973EEFF}"
EndProject
Project("{FAE04EC0-301F-11D3-BF4B-00C04F79EFBC}") = "Teacher", "..\Teacher\Teacher.csproj", "{DD703EE0-B81F-4E42-B192-3B782464BC47}"
EndProject
Global
	GlobalSection(SolutionConfigurationPlatforms) = preSolution
		Debug|Any CPU = Debug|Any CPU
		Release|Any CPU = Release|Any CPU
	EndGlobalSection
	GlobalSection(ProjectConfigurationPlatforms) = postSolution
		{DD6986DC-2929-4398-9055-C3ABA18E7E42}.Debug|Any CPU.ActiveCfg = Debug|Any CPU
		{DD6986DC-2929-4398-9055-C3ABA18E7E42}.Debug|Any CPU.Build.0 = Debug|Any CPU
		{DD6986DC-2929-4398-9055-C3ABA18E7E42}.Release|Any CPU.ActiveCfg = Release|Any CPU
		{DD6986DC-2929-4398-9055-C3ABA18E7E42}.Release|Any CPU.Build.0 = Release|Any CPU
		{A563FC9E-DF69-4B09-A599-644D4973EEFF}.Debug|Any CPU.ActiveCfg = Debug|Any CPU
		{A563FC9E-DF69-4B09-A599-644D4973EEFF}.Debug|Any CPU.Build.0 = Debug|Any CPU
		{A563FC9E-DF69-4B09-A599-644D4973EEFF}.Release|Any CPU.ActiveCfg = Release|Any CPU
		{A563FC9E-DF69-4B09-A599-644D4973EEFF}.Release|Any CPU.Build.0 = Release|Any CPU
		{DD703EE0-B81F-4E42-B192-3B782464BC47}.Debug|Any CPU.ActiveCfg = Debug|Any CPU
		{DD703EE0-B81F-4E42-B192-3B782464BC47}.Debug|Any CPU.Build.0 = Debug|Any CPU
		{DD703EE0-B81F-4E42-B192-3B782464BC47}.Release|Any CPU.ActiveCfg = Release|Any CPU
		{DD703EE0-B81F-4E42-B192-3B782464BC47}.Release|Any CPU.Build.0 = Release|Any CPU
	EndGlobalSection
	GlobalSection(SolutionProperties) = preSolution
		HideSolutionNode = FALSE
	EndGlobalSection
	GlobalSection(ExtensibilityGlobals) = postSolution
		SolutionGuid = {7A8E91BD-490D-410D-AEFD-307B848F9BED}
	EndGlobalSection
EndGlobal
