
Microsoft Visual Studio Solution File, Format Version 12.00
# Visual Studio Version 16
VisualStudioVersion = 16.0.32630.194
MinimumVisualStudioVersion = 10.0.40219.1
Project("{FAE04EC0-301F-11D3-BF4B-00C04F79EFBC}") = "Task_1", "Task_1.csproj", "{09C0D667-9022-4328-BB50-2F5816E6B807}"
EndProject
Global
	GlobalSection(SolutionConfigurationPlatforms) = preSolution
		Debug|Any CPU = Debug|Any CPU
		Release|Any CPU = Release|Any CPU
	EndGlobalSection
	GlobalSection(ProjectConfigurationPlatforms) = postSolution
		{09C0D667-9022-4328-BB50-2F5816E6B807}.Debug|Any CPU.ActiveCfg = Debug|Any CPU
		{09C0D667-9022-4328-BB50-2F5816E6B807}.Debug|Any CPU.Build.0 = Debug|Any CPU
		{09C0D667-9022-4328-BB50-2F5816E6B807}.Release|Any CPU.ActiveCfg = Release|Any CPU
		{09C0D667-9022-4328-BB50-2F5816E6B807}.Release|Any CPU.Build.0 = Release|Any CPU
	EndGlobalSection
	GlobalSection(SolutionProperties) = preSolution
		HideSolutionNode = FALSE
	EndGlobalSection
	GlobalSection(ExtensibilityGlobals) = postSolution
		SolutionGuid = {F4DD26A3-CA5A-4D37-9927-F8C19D415FD1}
	EndGlobalSection
EndGlobal
