
Microsoft Visual Studio Solution File, Format Version 12.00
# Visual Studio Version 16
VisualStudioVersion = 16.0.32630.194
MinimumVisualStudioVersion = 10.0.40219.1
Project("{FAE04EC0-301F-11D3-BF4B-00C04F79EFBC}") = "AutoMobile", "AutoMobile.csproj", "{A64A7E06-1D82-415A-B3A3-E302E3275028}"
EndProject
Global
	GlobalSection(SolutionConfigurationPlatforms) = preSolution
		Debug|Any CPU = Debug|Any CPU
		Release|Any CPU = Release|Any CPU
	EndGlobalSection
	GlobalSection(ProjectConfigurationPlatforms) = postSolution
		{A64A7E06-1D82-415A-B3A3-E302E3275028}.Debug|Any CPU.ActiveCfg = Debug|Any CPU
		{A64A7E06-1D82-415A-B3A3-E302E3275028}.Debug|Any CPU.Build.0 = Debug|Any CPU
		{A64A7E06-1D82-415A-B3A3-E302E3275028}.Release|Any CPU.ActiveCfg = Release|Any CPU
		{A64A7E06-1D82-415A-B3A3-E302E3275028}.Release|Any CPU.Build.0 = Release|Any CPU
	EndGlobalSection
	GlobalSection(SolutionProperties) = preSolution
		HideSolutionNode = FALSE
	EndGlobalSection
	GlobalSection(ExtensibilityGlobals) = postSolution
		SolutionGuid = {B31A1F68-A072-4A00-895B-8ED6514F3881}
	EndGlobalSection
EndGlobal
